
Microsoft Visual Studio Solution File, Format Version 12.00
# Visual Studio 15
VisualStudioVersion = 15.0.28010.2046
MinimumVisualStudioVersion = 10.0.40219.1
Project("{FAE04EC0-301F-11D3-BF4B-00C04F79EFBC}") = "Method_Ex_01", "Method_Ex_01\Method_Ex_01.csproj", "{D991D544-45C1-42B9-93C9-7CEB892526CE}"
EndProject
Global
	GlobalSection(SolutionConfigurationPlatforms) = preSolution
		Debug|Any CPU = Debug|Any CPU
		Release|Any CPU = Release|Any CPU
	EndGlobalSection
	GlobalSection(ProjectConfigurationPlatforms) = postSolution
		{D991D544-45C1-42B9-93C9-7CEB892526CE}.Debug|Any CPU.ActiveCfg = Debug|Any CPU
		{D991D544-45C1-42B9-93C9-7CEB892526CE}.Debug|Any CPU.Build.0 = Debug|Any CPU
		{D991D544-45C1-42B9-93C9-7CEB892526CE}.Release|Any CPU.ActiveCfg = Release|Any CPU
		{D991D544-45C1-42B9-93C9-7CEB892526CE}.Release|Any CPU.Build.0 = Release|Any CPU
	EndGlobalSection
	GlobalSection(SolutionProperties) = preSolution
		HideSolutionNode = FALSE
	EndGlobalSection
	GlobalSection(ExtensibilityGlobals) = postSolution
		SolutionGuid = {A003ABB9-B794-4941-87A4-08926DF64356}
	EndGlobalSection
EndGlobal
